// !$*UTF8*$!
{
	archiveVersion = 1;
	classes = {
	};
	objectVersion = 77;
	objects = {

/* Begin PBXContainerItemProxy section */
		0959A7192D988E6C003ECD73 /* PBXContainerItemProxy */ = {
			isa = PBXContainerItemProxy;
			containerPortal = 0959A7002D988E6B003ECD73 /* Project object */;
			proxyType = 1;
			remoteGlobalIDString = 0959A7072D988E6B003ECD73;
			remoteInfo = TutorialHealthKit;
		};
		0959A7232D988E6C003ECD73 /* PBXContainerItemProxy */ = {
			isa = PBXContainerItemProxy;
			containerPortal = 0959A7002D988E6B003ECD73 /* Project object */;
			proxyType = 1;
			remoteGlobalIDString = 0959A7072D988E6B003ECD73;
			remoteInfo = TutorialHealthKit;
		};
/* End PBXContainerItemProxy section */

/* Begin PBXFileReference section */
		0959A7082D988E6B003ECD73 /* TutorialHealthKit.app */ = {isa = PBXFileReference; explicitFileType = wrapper.application; includeInIndex = 0; path = TutorialHealthKit.app; sourceTree = BUILT_PRODUCTS_DIR; };
		0959A7182D988E6C003ECD73 /* TutorialHealthKitTests.xctest */ = {isa = PBXFileReference; explicitFileType = wrapper.cfbundle; includeInIndex = 0; path = TutorialHealthKitTests.xctest; sourceTree = BUILT_PRODUCTS_DIR; };
		0959A7222D988E6C003ECD73 /* TutorialHealthKitUITests.xctest */ = {isa = PBXFileReference; explicitFileType = wrapper.cfbundle; includeInIndex = 0; path = TutorialHealthKitUITests.xctest; sourceTree = BUILT_PRODUCTS_DIR; };
/* End PBXFileReference section */

/* Begin PBXFileSystemSynchronizedRootGroup section */
		0959A70A2D988E6B003ECD73 /* TutorialHealthKit */ = {
			isa = PBXFileSystemSynchronizedRootGroup;
			path = TutorialHealthKit;
			sourceTree = "<group>";
		};
		0959A71B2D988E6C003ECD73 /* TutorialHealthKitTests */ = {
			isa = PBXFileSystemSynchronizedRootGroup;
			path = TutorialHealthKitTests;
			sourceTree = "<group>";
		};
		0959A7252D988E6C003ECD73 /* TutorialHealthKitUITests */ = {
			isa = PBXFileSystemSynchronizedRootGroup;
			path = TutorialHealthKitUITests;
			sourceTree = "<group>";
		};
/* End PBXFileSystemSynchronizedRootGroup section */

/* Begin PBXFrameworksBuildPhase section */
		0959A7052D988E6B003ECD73 /* Frameworks */ = {
			isa = PBXFrameworksBuildPhase;
			buildActionMask = 2147483647;
			files = (
			);
			runOnlyForDeploymentPostprocessing = 0;
		};
		0959A7152D988E6C003ECD73 /* Frameworks */ = {
			isa = PBXFrameworksBuildPhase;
			buildActionMask = 2147483647;
			files = (
			);
			runOnlyForDeploymentPostprocessing = 0;
		};
		0959A71F2D988E6C003ECD73 /* Frameworks */ = {
			isa = PBXFrameworksBuildPhase;
			buildActionMask = 2147483647;
			files = (
			);
			runOnlyForDeploymentPostprocessing = 0;
		};
/* End PBXFrameworksBuildPhase section */

/* Begin PBXGroup section */
		0959A6FF2D988E6B003ECD73 = {
			isa = PBXGroup;
			children = (
				0959A70A2D988E6B003ECD73 /* TutorialHealthKit */,
				0959A71B2D988E6C003ECD73 /* TutorialHealthKitTests */,
				0959A7252D988E6C003ECD73 /* TutorialHealthKitUITests */,
				0959A7092D988E6B003ECD73 /* Products */,
			);
			sourceTree = "<group>";
		};
		0959A7092D988E6B003ECD73 /* Products */ = {
			isa = PBXGroup;
			children = (
				0959A7082D988E6B003ECD73 /* TutorialHealthKit.app */,
				0959A7182D988E6C003ECD73 /* TutorialHealthKitTests.xctest */,
				0959A7222D988E6C003ECD73 /* TutorialHealthKitUITests.xctest */,
			);
			name = Products;
			sourceTree = "<group>";
		};
/* End PBXGroup section */

/* Begin PBXNativeTarget section */
		0959A7072D988E6B003ECD73 /* TutorialHealthKit */ = {
			isa = PBXNativeTarget;
			buildConfigurationList = 0959A72C2D988E6C003ECD73 /* Build configuration list for PBXNativeTarget "TutorialHealthKit" */;
			buildPhases = (
				0959A7042D988E6B003ECD73 /* Sources */,
				0959A7052D988E6B003ECD73 /* Frameworks */,
				0959A7062D988E6B003ECD73 /* Resources */,
			);
			buildRules = (
			);
			dependencies = (
			);
			fileSystemSynchronizedGroups = (
				0959A70A2D988E6B003ECD73 /* TutorialHealthKit */,
			);
			name = TutorialHealthKit;
			packageProductDependencies = (
			);
			productName = TutorialHealthKit;
			productReference = 0959A7082D988E6B003ECD73 /* TutorialHealthKit.app */;
			productType = "com.apple.product-type.application";
		};
		0959A7172D988E6C003ECD73 /* TutorialHealthKitTests */ = {
			isa = PBXNativeTarget;
			buildConfigurationList = 0959A72F2D988E6C003ECD73 /* Build configuration list for PBXNativeTarget "TutorialHealthKitTests" */;
			buildPhases = (
				0959A7142D988E6C003ECD73 /* Sources */,
				0959A7152D988E6C003ECD73 /* Frameworks */,
				0959A7162D988E6C003ECD73 /* Resources */,
			);
			buildRules = (
			);
			dependencies = (
				0959A71A2D988E6C003ECD73 /* PBXTargetDependency */,
			);
			fileSystemSynchronizedGroups = (
				0959A71B2D988E6C003ECD73 /* TutorialHealthKitTests */,
			);
			name = TutorialHealthKitTests;
			packageProductDependencies = (
			);
			productName = TutorialHealthKitTests;
			productReference = 0959A7182D988E6C003ECD73 /* TutorialHealthKitTests.xctest */;
			productType = "com.apple.product-type.bundle.unit-test";
		};
		0959A7212D988E6C003ECD73 /* TutorialHealthKitUITests */ = {
			isa = PBXNativeTarget;
			buildConfigurationList = 0959A7322D988E6C003ECD73 /* Build configuration list for PBXNativeTarget "TutorialHealthKitUITests" */;
			buildPhases = (
				0959A71E2D988E6C003ECD73 /* Sources */,
				0959A71F2D988E6C003ECD73 /* Frameworks */,
				0959A7202D988E6C003ECD73 /* Resources */,
			);
			buildRules = (
			);
			dependencies = (
				0959A7242D988E6C003ECD73 /* PBXTargetDependency */,
			);
			fileSystemSynchronizedGroups = (
				0959A7252D988E6C003ECD73 /* TutorialHealthKitUITests */,
			);
			name = TutorialHealthKitUITests;
			packageProductDependencies = (
			);
			productName = TutorialHealthKitUITests;
			productReference = 0959A7222D988E6C003ECD73 /* TutorialHealthKitUITests.xctest */;
			productType = "com.apple.product-type.bundle.ui-testing";
		};
/* End PBXNativeTarget section */

/* Begin PBXProject section */
		0959A7002D988E6B003ECD73 /* Project object */ = {
			isa = PBXProject;
			attributes = {
				BuildIndependentTargetsInParallel = 1;
				LastSwiftUpdateCheck = 1620;
				LastUpgradeCheck = 1620;
				TargetAttributes = {
					0959A7072D988E6B003ECD73 = {
						CreatedOnToolsVersion = 16.2;
					};
					0959A7172D988E6C003ECD73 = {
						CreatedOnToolsVersion = 16.2;
						TestTargetID = 0959A7072D988E6B003ECD73;
					};
					0959A7212D988E6C003ECD73 = {
						CreatedOnToolsVersion = 16.2;
						TestTargetID = 0959A7072D988E6B003ECD73;
					};
				};
			};
			buildConfigurationList = 0959A7032D988E6B003ECD73 /* Build configuration list for PBXProject "TutorialHealthKit" */;
			developmentRegion = en;
			hasScannedForEncodings = 0;
			knownRegions = (
				en,
				Base,
			);
			mainGroup = 0959A6FF2D988E6B003ECD73;
			minimizedProjectReferenceProxies = 1;
			preferredProjectObjectVersion = 77;
			productRefGroup = 0959A7092D988E6B003ECD73 /* Products */;
			projectDirPath = "";
			projectRoot = "";
			targets = (
				0959A7072D988E6B003ECD73 /* TutorialHealthKit */,
				0959A7172D988E6C003ECD73 /* TutorialHealthKitTests */,
				0959A7212D988E6C003ECD73 /* TutorialHealthKitUITests */,
			);
		};
/* End PBXProject section */

/* Begin PBXResourcesBuildPhase section */
		0959A7062D988E6B003ECD73 /* Resources */ = {
			isa = PBXResourcesBuildPhase;
			buildActionMask = 2147483647;
			files = (
			);
			runOnlyForDeploymentPostprocessing = 0;
		};
		0959A7162D988E6C003ECD73 /* Resources */ = {
			isa = PBXResourcesBuildPhase;
			buildActionMask = 2147483647;
			files = (
			);
			runOnlyForDeploymentPostprocessing = 0;
		};
		0959A7202D988E6C003ECD73 /* Resources */ = {
			isa = PBXResourcesBuildPhase;
			buildActionMask = 2147483647;
			files = (
			);
			runOnlyForDeploymentPostprocessing = 0;
		};
/* End PBXResourcesBuildPhase section */

/* Begin PBXSourcesBuildPhase section */
		0959A7042D988E6B003ECD73 /* Sources */ = {
			isa = PBXSourcesBuildPhase;
			buildActionMask = 2147483647;
			files = (
			);
			runOnlyForDeploymentPostprocessing = 0;
		};
		0959A7142D988E6C003ECD73 /* Sources */ = {
			isa = PBXSourcesBuildPhase;
			buildActionMask = 2147483647;
			files = (
			);
			runOnlyForDeploymentPostprocessing = 0;
		};
		0959A71E2D988E6C003ECD73 /* Sources */ = {
			isa = PBXSourcesBuildPhase;
			buildActionMask = 2147483647;
			files = (
			);
			runOnlyForDeploymentPostprocessing = 0;
		};
/* End PBXSourcesBuildPhase section */

/* Begin PBXTargetDependency section */
		0959A71A2D988E6C003ECD73 /* PBXTargetDependency */ = {
			isa = PBXTargetDependency;
			target = 0959A7072D988E6B003ECD73 /* TutorialHealthKit */;
			targetProxy = 0959A7192D988E6C003ECD73 /* PBXContainerItemProxy */;
		};
		0959A7242D988E6C003ECD73 /* PBXTargetDependency */ = {
			isa = PBXTargetDependency;
			target = 0959A7072D988E6B003ECD73 /* TutorialHealthKit */;
			targetProxy = 0959A7232D988E6C003ECD73 /* PBXContainerItemProxy */;
		};
/* End PBXTargetDependency section */

/* Begin XCBuildConfiguration section */
		0959A72A2D988E6C003ECD73 /* Debug */ = {
			isa = XCBuildConfiguration;
			buildSettings = {
				ALWAYS_SEARCH_USER_PATHS = NO;
				ASSETCATALOG_COMPILER_GENERATE_SWIFT_ASSET_SYMBOL_EXTENSIONS = YES;
				CLANG_ANALYZER_NONNULL = YES;
				CLANG_ANALYZER_NUMBER_OBJECT_CONVERSION = YES_AGGRESSIVE;
				CLANG_CXX_LANGUAGE_STANDARD = "gnu++20";
				CLANG_ENABLE_MODULES = YES;
				CLANG_ENABLE_OBJC_ARC = YES;
				CLANG_ENABLE_OBJC_WEAK = YES;
				CLANG_WARN_BLOCK_CAPTURE_AUTORELEASING = YES;
				CLANG_WARN_BOOL_CONVERSION = YES;
				CLANG_WARN_COMMA = YES;
				CLANG_WARN_CONSTANT_CONVERSION = YES;
				CLANG_WARN_DEPRECATED_OBJC_IMPLEMENTATIONS = YES;
				CLANG_WARN_DIRECT_OBJC_ISA_USAGE = YES_ERROR;
				CLANG_WARN_DOCUMENTATION_COMMENTS = YES;
				CLANG_WARN_EMPTY_BODY = YES;
				CLANG_WARN_ENUM_CONVERSION = YES;
				CLANG_WARN_INFINITE_RECURSION = YES;
				CLANG_WARN_INT_CONVERSION = YES;
				CLANG_WARN_NON_LITERAL_NULL_CONVERSION = YES;
				CLANG_WARN_OBJC_IMPLICIT_RETAIN_SELF = YES;
				CLANG_WARN_OBJC_LITERAL_CONVERSION = YES;
				CLANG_WARN_OBJC_ROOT_CLASS = YES_ERROR;
				CLANG_WARN_QUOTED_INCLUDE_IN_FRAMEWORK_HEADER = YES;
				CLANG_WARN_RANGE_LOOP_ANALYSIS = YES;
				CLANG_WARN_STRICT_PROTOTYPES = YES;
				CLANG_WARN_SUSPICIOUS_MOVE = YES;
				CLANG_WARN_UNGUARDED_AVAILABILITY = YES_AGGRESSIVE;
				CLANG_WARN_UNREACHABLE_CODE = YES;
				CLANG_WARN__DUPLICATE_METHOD_MATCH = YES;
				COPY_PHASE_STRIP = NO;
				DEBUG_INFORMATION_FORMAT = dwarf;
				ENABLE_STRICT_OBJC_MSGSEND = YES;
				ENABLE_TESTABILITY = YES;
				ENABLE_USER_SCRIPT_SANDBOXING = YES;
				GCC_C_LANGUAGE_STANDARD = gnu17;
				GCC_DYNAMIC_NO_PIC = NO;
				GCC_NO_COMMON_BLOCKS = YES;
				GCC_OPTIMIZATION_LEVEL = 0;
				GCC_PREPROCESSOR_DEFINITIONS = (
					"DEBUG=1",
					"$(inherited)",
				);
				GCC_WARN_64_TO_32_BIT_CONVERSION = YES;
				GCC_WARN_ABOUT_RETURN_TYPE = YES_ERROR;
				GCC_WARN_UNDECLARED_SELECTOR = YES;
				GCC_WARN_UNINITIALIZED_AUTOS = YES_AGGRESSIVE;
				GCC_WARN_UNUSED_FUNCTION = YES;
				GCC_WARN_UNUSED_VARIABLE = YES;
				IPHONEOS_DEPLOYMENT_TARGET = 18.2;
				LOCALIZATION_PREFERS_STRING_CATALOGS = YES;
				MTL_ENABLE_DEBUG_INFO = INCLUDE_SOURCE;
				MTL_FAST_MATH = YES;
				ONLY_ACTIVE_ARCH = YES;
				SDKROOT = iphoneos;
				SWIFT_ACTIVE_COMPILATION_CONDITIONS = "DEBUG $(inherited)";
				SWIFT_OPTIMIZATION_LEVEL = "-Onone";
			};
			name = Debug;
		};
		0959A72B2D988E6C003ECD73 /* Release */ = {
			isa = XCBuildConfiguration;
			buildSettings = {
				ALWAYS_SEARCH_USER_PATHS = NO;
				ASSETCATALOG_COMPILER_GENERATE_SWIFT_ASSET_SYMBOL_EXTENSIONS = YES;
				CLANG_ANALYZER_NONNULL = YES;
				CLANG_ANALYZER_NUMBER_OBJECT_CONVERSION = YES_AGGRESSIVE;
				CLANG_CXX_LANGUAGE_STANDARD = "gnu++20";
				CLANG_ENABLE_MODULES = YES;
				CLANG_ENABLE_OBJC_ARC = YES;
				CLANG_ENABLE_OBJC_WEAK = YES;
				CLANG_WARN_BLOCK_CAPTURE_AUTORELEASING = YES;
				CLANG_WARN_BOOL_CONVERSION = YES;
				CLANG_WARN_COMMA = YES;
				CLANG_WARN_CONSTANT_CONVERSION = YES;
				CLANG_WARN_DEPRECATED_OBJC_IMPLEMENTATIONS = YES;
				CLANG_WARN_DIRECT_OBJC_ISA_USAGE = YES_ERROR;
				CLANG_WARN_DOCUMENTATION_COMMENTS = YES;
				CLANG_WARN_EMPTY_BODY = YES;
				CLANG_WARN_ENUM_CONVERSION = YES;
				CLANG_WARN_INFINITE_RECURSION = YES;
				CLANG_WARN_INT_CONVERSION = YES;
				CLANG_WARN_NON_LITERAL_NULL_CONVERSION = YES;
				CLANG_WARN_OBJC_IMPLICIT_RETAIN_SELF = YES;
				CLANG_WARN_OBJC_LITERAL_CONVERSION = YES;
				CLANG_WARN_OBJC_ROOT_CLASS = YES_ERROR;
				CLANG_WARN_QUOTED_INCLUDE_IN_FRAMEWORK_HEADER = YES;
				CLANG_WARN_RANGE_LOOP_ANALYSIS = YES;
				CLANG_WARN_STRICT_PROTOTYPES = YES;
				CLANG_WARN_SUSPICIOUS_MOVE = YES;
				CLANG_WARN_UNGUARDED_AVAILABILITY = YES_AGGRESSIVE;
				CLANG_WARN_UNREACHABLE_CODE = YES;
				CLANG_WARN__DUPLICATE_METHOD_MATCH = YES;
				COPY_PHASE_STRIP = NO;
				DEBUG_INFORMATION_FORMAT = "dwarf-with-dsym";
				ENABLE_NS_ASSERTIONS = NO;
				ENABLE_STRICT_OBJC_MSGSEND = YES;
				ENABLE_USER_SCRIPT_SANDBOXING = YES;
				GCC_C_LANGUAGE_STANDARD = gnu17;
				GCC_NO_COMMON_BLOCKS = YES;
				GCC_WARN_64_TO_32_BIT_CONVERSION = YES;
				GCC_WARN_ABOUT_RETURN_TYPE = YES_ERROR;
				GCC_WARN_UNDECLARED_SELECTOR = YES;
				GCC_WARN_UNINITIALIZED_AUTOS = YES_AGGRESSIVE;
				GCC_WARN_UNUSED_FUNCTION = YES;
				GCC_WARN_UNUSED_VARIABLE = YES;
				IPHONEOS_DEPLOYMENT_TARGET = 18.2;
				LOCALIZATION_PREFERS_STRING_CATALOGS = YES;
				MTL_ENABLE_DEBUG_INFO = NO;
				MTL_FAST_MATH = YES;
				SDKROOT = iphoneos;
				SWIFT_COMPILATION_MODE = wholemodule;
				VALIDATE_PRODUCT = YES;
			};
			name = Release;
		};
		0959A72D2D988E6C003ECD73 /* Debug */ = {
			isa = XCBuildConfiguration;
			buildSettings = {
				ASSETCATALOG_COMPILER_APPICON_NAME = AppIcon;
				ASSETCATALOG_COMPILER_GLOBAL_ACCENT_COLOR_NAME = AccentColor;
				CODE_SIGN_STYLE = Automatic;
				CURRENT_PROJECT_VERSION = 1;
				DEVELOPMENT_ASSET_PATHS = "\"TutorialHealthKit/Preview Content\"";
				ENABLE_PREVIEWS = YES;
				GENERATE_INFOPLIST_FILE = YES;
				INFOPLIST_KEY_UIApplicationSceneManifest_Generation = YES;
				INFOPLIST_KEY_UIApplicationSupportsIndirectInputEvents = YES;
				INFOPLIST_KEY_UILaunchScreen_Generation = YES;
				INFOPLIST_KEY_UISupportedInterfaceOrientations_iPad = "UIInterfaceOrientationPortrait UIInterfaceOrientationPortraitUpsideDown UIInterfaceOrientationLandscapeLeft UIInterfaceOrientationLandscapeRight";
				INFOPLIST_KEY_UISupportedInterfaceOrientations_iPhone = "UIInterfaceOrientationPortrait UIInterfaceOrientationLandscapeLeft UIInterfaceOrientationLandscapeRight";
				LD_RUNPATH_SEARCH_PATHS = (
					"$(inherited)",
					"@executable_path/Frameworks",
				);
				MARKETING_VERSION = 1.0;
				PRODUCT_BUNDLE_IDENTIFIER = test.TutorialHealthKit;
				PRODUCT_NAME = "$(TARGET_NAME)";
				SWIFT_EMIT_LOC_STRINGS = YES;
				SWIFT_VERSION = 5.0;
				TARGETED_DEVICE_FAMILY = "1,2";
			};
			name = Debug;
		};
		0959A72E2D988E6C003ECD73 /* Release */ = {
			isa = XCBuildConfiguration;
			buildSettings = {
				ASSETCATALOG_COMPILER_APPICON_NAME = AppIcon;
				ASSETCATALOG_COMPILER_GLOBAL_ACCENT_COLOR_NAME = AccentColor;
				CODE_SIGN_STYLE = Automatic;
				CURRENT_PROJECT_VERSION = 1;
				DEVELOPMENT_ASSET_PATHS = "\"TutorialHealthKit/Preview Content\"";
				ENABLE_PREVIEWS = YES;
				GENERATE_INFOPLIST_FILE = YES;
				INFOPLIST_KEY_UIApplicationSceneManifest_Generation = YES;
				INFOPLIST_KEY_UIApplicationSupportsIndirectInputEvents = YES;
				INFOPLIST_KEY_UILaunchScreen_Generation = YES;
				INFOPLIST_KEY_UISupportedInterfaceOrientations_iPad = "UIInterfaceOrientationPortrait UIInterfaceOrientationPortraitUpsideDown UIInterfaceOrientationLandscapeLeft UIInterfaceOrientationLandscapeRight";
				INFOPLIST_KEY_UISupportedInterfaceOrientations_iPhone = "UIInterfaceOrientationPortrait UIInterfaceOrientationLandscapeLeft UIInterfaceOrientationLandscapeRight";
				LD_RUNPATH_SEARCH_PATHS = (
					"$(inherited)",
					"@executable_path/Frameworks",
				);
				MARKETING_VERSION = 1.0;
				PRODUCT_BUNDLE_IDENTIFIER = test.TutorialHealthKit;
				PRODUCT_NAME = "$(TARGET_NAME)";
				SWIFT_EMIT_LOC_STRINGS = YES;
				SWIFT_VERSION = 5.0;
				TARGETED_DEVICE_FAMILY = "1,2";
			};
			name = Release;
		};
		0959A7302D988E6C003ECD73 /* Debug */ = {
			isa = XCBuildConfiguration;
			buildSettings = {
				BUNDLE_LOADER = "$(TEST_HOST)";
				CODE_SIGN_STYLE = Automatic;
				CURRENT_PROJECT_VERSION = 1;
				GENERATE_INFOPLIST_FILE = YES;
				IPHONEOS_DEPLOYMENT_TARGET = 18.2;
				MARKETING_VERSION = 1.0;
				PRODUCT_BUNDLE_IDENTIFIER = test.TutorialHealthKitTests;
				PRODUCT_NAME = "$(TARGET_NAME)";
				SWIFT_EMIT_LOC_STRINGS = NO;
				SWIFT_VERSION = 5.0;
				TARGETED_DEVICE_FAMILY = "1,2";
				TEST_HOST = "$(BUILT_PRODUCTS_DIR)/TutorialHealthKit.app/$(BUNDLE_EXECUTABLE_FOLDER_PATH)/TutorialHealthKit";
			};
			name = Debug;
		};
		0959A7312D988E6C003ECD73 /* Release */ = {
			isa = XCBuildConfiguration;
			buildSettings = {
				BUNDLE_LOADER = "$(TEST_HOST)";
				CODE_SIGN_STYLE = Automatic;
				CURRENT_PROJECT_VERSION = 1;
				GENERATE_INFOPLIST_FILE = YES;
				IPHONEOS_DEPLOYMENT_TARGET = 18.2;
				MARKETING_VERSION = 1.0;
				PRODUCT_BUNDLE_IDENTIFIER = test.TutorialHealthKitTests;
				PRODUCT_NAME = "$(TARGET_NAME)";
				SWIFT_EMIT_LOC_STRINGS = NO;
				SWIFT_VERSION = 5.0;
				TARGETED_DEVICE_FAMILY = "1,2";
				TEST_HOST = "$(BUILT_PRODUCTS_DIR)/TutorialHealthKit.app/$(BUNDLE_EXECUTABLE_FOLDER_PATH)/TutorialHealthKit";
			};
			name = Release;
		};
		0959A7332D988E6C003ECD73 /* Debug */ = {
			isa = XCBuildConfiguration;
			buildSettings = {
				CODE_SIGN_STYLE = Automatic;
				CURRENT_PROJECT_VERSION = 1;
				GENERATE_INFOPLIST_FILE = YES;
				MARKETING_VERSION = 1.0;
				PRODUCT_BUNDLE_IDENTIFIER = test.TutorialHealthKitUITests;
				PRODUCT_NAME = "$(TARGET_NAME)";
				SWIFT_EMIT_LOC_STRINGS = NO;
				SWIFT_VERSION = 5.0;
				TARGETED_DEVICE_FAMILY = "1,2";
				TEST_TARGET_NAME = TutorialHealthKit;
			};
			name = Debug;
		};
		0959A7342D988E6C003ECD73 /* Release */ = {
			isa = XCBuildConfiguration;
			buildSettings = {
				CODE_SIGN_STYLE = Automatic;
				CURRENT_PROJECT_VERSION = 1;
				GENERATE_INFOPLIST_FILE = YES;
				MARKETING_VERSION = 1.0;
				PRODUCT_BUNDLE_IDENTIFIER = test.TutorialHealthKitUITests;
				PRODUCT_NAME = "$(TARGET_NAME)";
				SWIFT_EMIT_LOC_STRINGS = NO;
				SWIFT_VERSION = 5.0;
				TARGETED_DEVICE_FAMILY = "1,2";
				TEST_TARGET_NAME = TutorialHealthKit;
			};
			name = Release;
		};
/* End XCBuildConfiguration section */

/* Begin XCConfigurationList section */
		0959A7032D988E6B003ECD73 /* Build configuration list for PBXProject "TutorialHealthKit" */ = {
			isa = XCConfigurationList;
			buildConfigurations = (
				0959A72A2D988E6C003ECD73 /* Debug */,
				0959A72B2D988E6C003ECD73 /* Release */,
			);
			defaultConfigurationIsVisible = 0;
			defaultConfigurationName = Release;
		};
		0959A72C2D988E6C003ECD73 /* Build configuration list for PBXNativeTarget "TutorialHealthKit" */ = {
			isa = XCConfigurationList;
			buildConfigurations = (
				0959A72D2D988E6C003ECD73 /* Debug */,
				0959A72E2D988E6C003ECD73 /* Release */,
			);
			defaultConfigurationIsVisible = 0;
			defaultConfigurationName = Release;
		};
		0959A72F2D988E6C003ECD73 /* Build configuration list for PBXNativeTarget "TutorialHealthKitTests" */ = {
			isa = XCConfigurationList;
			buildConfigurations = (
				0959A7302D988E6C003ECD73 /* Debug */,
				0959A7312D988E6C003ECD73 /* Release */,
			);
			defaultConfigurationIsVisible = 0;
			defaultConfigurationName = Release;
		};
		0959A7322D988E6C003ECD73 /* Build configuration list for PBXNativeTarget "TutorialHealthKitUITests" */ = {
			isa = XCConfigurationList;
			buildConfigurations = (
				0959A7332D988E6C003ECD73 /* Debug */,
				0959A7342D988E6C003ECD73 /* Release */,
			);
			defaultConfigurationIsVisible = 0;
			defaultConfigurationName = Release;
		};
/* End XCConfigurationList section */
	};
	rootObject = 0959A7002D988E6B003ECD73 /* Project object */;
}
